
Microsoft Visual Studio Solution File, Format Version 12.00
# Visual Studio Version 16
VisualStudioVersion = 16.0.31729.503
MinimumVisualStudioVersion = 10.0.40219.1
Project("{9A19103F-16F7-4668-BE54-9A1E7A4F7556}") = "Office", "Office.csproj", "{FEFE8F00-984F-4AC4-A6FC-C28D5316A14F}"
EndProject
Project("{9A19103F-16F7-4668-BE54-9A1E7A4F7556}") = "OfficeModel", "..\OfficeModel\OfficeModel.csproj", "{DE5A99A5-62D3-4ACB-9F79-10BDAFBF7A45}"
EndProject
Project("{9A19103F-16F7-4668-BE54-9A1E7A4F7556}") = "OfficeWebAPI", "..\OfficeWebAPI\OfficeWebAPI.csproj", "{37C8AB6E-FEF2-4E1E-AE37-4497D00BE87B}"
EndProject
Global
	GlobalSection(SolutionConfigurationPlatforms) = preSolution
		Debug|Any CPU = Debug|Any CPU
		Release|Any CPU = Release|Any CPU
	EndGlobalSection
	GlobalSection(ProjectConfigurationPlatforms) = postSolution
		{FEFE8F00-984F-4AC4-A6FC-C28D5316A14F}.Debug|Any CPU.ActiveCfg = Debug|Any CPU
		{FEFE8F00-984F-4AC4-A6FC-C28D5316A14F}.Debug|Any CPU.Build.0 = Debug|Any CPU
		{FEFE8F00-984F-4AC4-A6FC-C28D5316A14F}.Release|Any CPU.ActiveCfg = Release|Any CPU
		{FEFE8F00-984F-4AC4-A6FC-C28D5316A14F}.Release|Any CPU.Build.0 = Release|Any CPU
		{DE5A99A5-62D3-4ACB-9F79-10BDAFBF7A45}.Debug|Any CPU.ActiveCfg = Debug|Any CPU
		{DE5A99A5-62D3-4ACB-9F79-10BDAFBF7A45}.Debug|Any CPU.Build.0 = Debug|Any CPU
		{DE5A99A5-62D3-4ACB-9F79-10BDAFBF7A45}.Release|Any CPU.ActiveCfg = Release|Any CPU
		{DE5A99A5-62D3-4ACB-9F79-10BDAFBF7A45}.Release|Any CPU.Build.0 = Release|Any CPU
		{37C8AB6E-FEF2-4E1E-AE37-4497D00BE87B}.Debug|Any CPU.ActiveCfg = Debug|Any CPU
		{37C8AB6E-FEF2-4E1E-AE37-4497D00BE87B}.Debug|Any CPU.Build.0 = Debug|Any CPU
		{37C8AB6E-FEF2-4E1E-AE37-4497D00BE87B}.Release|Any CPU.ActiveCfg = Release|Any CPU
		{37C8AB6E-FEF2-4E1E-AE37-4497D00BE87B}.Release|Any CPU.Build.0 = Release|Any CPU
	EndGlobalSection
	GlobalSection(SolutionProperties) = preSolution
		HideSolutionNode = FALSE
	EndGlobalSection
	GlobalSection(ExtensibilityGlobals) = postSolution
		SolutionGuid = {8954F9BC-9C05-4D26-8F3A-1FEFFC475A83}
	EndGlobalSection
EndGlobal
